
Microsoft Visual Studio Solution File, Format Version 12.00
# Visual Studio Version 17
VisualStudioVersion = 17.1.32210.238
MinimumVisualStudioVersion = 10.0.40219.1
Project("{9A19103F-16F7-4668-BE54-9A1E7A4F7556}") = "CoffeeShop", "CoffeeShop\CoffeeShop.csproj", "{A369CE10-A6BF-4E01-9B03-21B53356FC3B}"
EndProject
Project("{9A19103F-16F7-4668-BE54-9A1E7A4F7556}") = "CoffeeShop.ConsoleApp", "CoffeeShop.ConsoleApp\CoffeeShop.ConsoleApp.csproj", "{382FF609-4363-4C2B-BA5A-2DB67CB69C12}"
EndProject
Project("{9A19103F-16F7-4668-BE54-9A1E7A4F7556}") = "CoffeeShop.Infrastructure", "CoffeeShop.Infrastructure\CoffeeShop.Infrastructure.csproj", "{0B899CBD-0452-4353-B8DC-2DF7604E7032}"
EndProject
Project("{9A19103F-16F7-4668-BE54-9A1E7A4F7556}") = "CoffeeShop.Core", "CoffeeShop.Core\CoffeeShop.Core.csproj", "{28FC52E8-9043-4A49-9B0F-3972E5C021E9}"
EndProject
Global
	GlobalSection(SolutionConfigurationPlatforms) = preSolution
		Debug|Any CPU = Debug|Any CPU
		Release|Any CPU = Release|Any CPU
	EndGlobalSection
	GlobalSection(ProjectConfigurationPlatforms) = postSolution
		{A369CE10-A6BF-4E01-9B03-21B53356FC3B}.Debug|Any CPU.ActiveCfg = Debug|Any CPU
		{A369CE10-A6BF-4E01-9B03-21B53356FC3B}.Debug|Any CPU.Build.0 = Debug|Any CPU
		{A369CE10-A6BF-4E01-9B03-21B53356FC3B}.Release|Any CPU.ActiveCfg = Release|Any CPU
		{A369CE10-A6BF-4E01-9B03-21B53356FC3B}.Release|Any CPU.Build.0 = Release|Any CPU
		{382FF609-4363-4C2B-BA5A-2DB67CB69C12}.Debug|Any CPU.ActiveCfg = Debug|Any CPU
		{382FF609-4363-4C2B-BA5A-2DB67CB69C12}.Debug|Any CPU.Build.0 = Debug|Any CPU
		{382FF609-4363-4C2B-BA5A-2DB67CB69C12}.Release|Any CPU.ActiveCfg = Release|Any CPU
		{382FF609-4363-4C2B-BA5A-2DB67CB69C12}.Release|Any CPU.Build.0 = Release|Any CPU
		{0B899CBD-0452-4353-B8DC-2DF7604E7032}.Debug|Any CPU.ActiveCfg = Debug|Any CPU
		{0B899CBD-0452-4353-B8DC-2DF7604E7032}.Debug|Any CPU.Build.0 = Debug|Any CPU
		{0B899CBD-0452-4353-B8DC-2DF7604E7032}.Release|Any CPU.ActiveCfg = Release|Any CPU
		{0B899CBD-0452-4353-B8DC-2DF7604E7032}.Release|Any CPU.Build.0 = Release|Any CPU
		{28FC52E8-9043-4A49-9B0F-3972E5C021E9}.Debug|Any CPU.ActiveCfg = Debug|Any CPU
		{28FC52E8-9043-4A49-9B0F-3972E5C021E9}.Debug|Any CPU.Build.0 = Debug|Any CPU
		{28FC52E8-9043-4A49-9B0F-3972E5C021E9}.Release|Any CPU.ActiveCfg = Release|Any CPU
		{28FC52E8-9043-4A49-9B0F-3972E5C021E9}.Release|Any CPU.Build.0 = Release|Any CPU
	EndGlobalSection
	GlobalSection(SolutionProperties) = preSolution
		HideSolutionNode = FALSE
	EndGlobalSection
	GlobalSection(ExtensibilityGlobals) = postSolution
		SolutionGuid = {92DFE5E6-0D16-4A92-94D1-DBF39F8B9623}
	EndGlobalSection
EndGlobal
